// !$*UTF8*$!
{
	archiveVersion = 1;
	classes = {
	};
	objectVersion = 56;
	objects = {

/* Begin PBXBuildFile section */
		498FD9F12A90732700A2F571 /* TrekrApp.swift in Sources */ = {isa = PBXBuildFile; fileRef = 498FD9F02A90732700A2F571 /* TrekrApp.swift */; };
		498FD9F32A90732700A2F571 /* ContentView.swift in Sources */ = {isa = PBXBuildFile; fileRef = 498FD9F22A90732700A2F571 /* ContentView.swift */; };
		498FD9F52A90732900A2F571 /* Assets.xcassets in Resources */ = {isa = PBXBuildFile; fileRef = 498FD9F42A90732900A2F571 /* Assets.xcassets */; };
		498FD9F82A90732900A2F571 /* Preview Assets.xcassets in Resources */ = {isa = PBXBuildFile; fileRef = 498FD9F72A90732900A2F571 /* Preview Assets.xcassets */; };
		498FDA002A9075C500A2F571 /* tips.json in Resources */ = {isa = PBXBuildFile; fileRef = 498FD9FE2A9075C500A2F571 /* tips.json */; };
		498FDA012A9075C500A2F571 /* locations.json in Resources */ = {isa = PBXBuildFile; fileRef = 498FD9FF2A9075C500A2F571 /* locations.json */; };
		498FDA052A9082F200A2F571 /* Location.swift in Sources */ = {isa = PBXBuildFile; fileRef = 498FDA042A9082F200A2F571 /* Location.swift */; };
		498FDA072A90869000A2F571 /* Locations.swift in Sources */ = {isa = PBXBuildFile; fileRef = 498FDA062A90869000A2F571 /* Locations.swift */; };
		498FDA092A9089CC00A2F571 /* WorldView.swift in Sources */ = {isa = PBXBuildFile; fileRef = 498FDA082A9089CC00A2F571 /* WorldView.swift */; };
		498FDA0B2A9089F400A2F571 /* TipsView.swift in Sources */ = {isa = PBXBuildFile; fileRef = 498FDA0A2A9089F400A2F571 /* TipsView.swift */; };
		498FDA0D2A908A0400A2F571 /* Tip.swift in Sources */ = {isa = PBXBuildFile; fileRef = 498FDA0C2A908A0400A2F571 /* Tip.swift */; };
/* End PBXBuildFile section */

/* Begin PBXFileReference section */
		498FD9ED2A90732700A2F571 /* Trekr.app */ = {isa = PBXFileReference; explicitFileType = wrapper.application; includeInIndex = 0; path = Trekr.app; sourceTree = BUILT_PRODUCTS_DIR; };
		498FD9F02A90732700A2F571 /* TrekrApp.swift */ = {isa = PBXFileReference; lastKnownFileType = sourcecode.swift; path = TrekrApp.swift; sourceTree = "<group>"; };
		498FD9F22A90732700A2F571 /* ContentView.swift */ = {isa = PBXFileReference; lastKnownFileType = sourcecode.swift; path = ContentView.swift; sourceTree = "<group>"; };
		498FD9F42A90732900A2F571 /* Assets.xcassets */ = {isa = PBXFileReference; lastKnownFileType = folder.assetcatalog; path = Assets.xcassets; sourceTree = "<group>"; };
		498FD9F72A90732900A2F571 /* Preview Assets.xcassets */ = {isa = PBXFileReference; lastKnownFileType = folder.assetcatalog; path = "Preview Assets.xcassets"; sourceTree = "<group>"; };
		498FD9FE2A9075C500A2F571 /* tips.json */ = {isa = PBXFileReference; fileEncoding = 4; lastKnownFileType = text.json; path = tips.json; sourceTree = "<group>"; };
		498FD9FF2A9075C500A2F571 /* locations.json */ = {isa = PBXFileReference; fileEncoding = 4; lastKnownFileType = text.json; path = locations.json; sourceTree = "<group>"; };
		498FDA042A9082F200A2F571 /* Location.swift */ = {isa = PBXFileReference; lastKnownFileType = sourcecode.swift; path = Location.swift; sourceTree = "<group>"; };
		498FDA062A90869000A2F571 /* Locations.swift */ = {isa = PBXFileReference; lastKnownFileType = sourcecode.swift; path = Locations.swift; sourceTree = "<group>"; };
		498FDA082A9089CC00A2F571 /* WorldView.swift */ = {isa = PBXFileReference; lastKnownFileType = sourcecode.swift; path = WorldView.swift; sourceTree = "<group>"; };
		498FDA0A2A9089F400A2F571 /* TipsView.swift */ = {isa = PBXFileReference; lastKnownFileType = sourcecode.swift; path = TipsView.swift; sourceTree = "<group>"; };
		498FDA0C2A908A0400A2F571 /* Tip.swift */ = {isa = PBXFileReference; lastKnownFileType = sourcecode.swift; path = Tip.swift; sourceTree = "<group>"; };
/* End PBXFileReference section */

/* Begin PBXFrameworksBuildPhase section */
		498FD9EA2A90732700A2F571 /* Frameworks */ = {
			isa = PBXFrameworksBuildPhase;
			buildActionMask = 2147483647;
			files = (
			);
			runOnlyForDeploymentPostprocessing = 0;
		};
/* End PBXFrameworksBuildPhase section */

/* Begin PBXGroup section */
		498FD9E42A90732700A2F571 = {
			isa = PBXGroup;
			children = (
				498FD9EF2A90732700A2F571 /* Trekr */,
				498FD9EE2A90732700A2F571 /* Products */,
			);
			sourceTree = "<group>";
		};
		498FD9EE2A90732700A2F571 /* Products */ = {
			isa = PBXGroup;
			children = (
				498FD9ED2A90732700A2F571 /* Trekr.app */,
			);
			name = Products;
			sourceTree = "<group>";
		};
		498FD9EF2A90732700A2F571 /* Trekr */ = {
			isa = PBXGroup;
			children = (
				498FD9F02A90732700A2F571 /* TrekrApp.swift */,
				498FD9F22A90732700A2F571 /* ContentView.swift */,
				498FD9F42A90732900A2F571 /* Assets.xcassets */,
				498FD9FF2A9075C500A2F571 /* locations.json */,
				498FD9FE2A9075C500A2F571 /* tips.json */,
				498FD9F62A90732900A2F571 /* Preview Content */,
				498FDA042A9082F200A2F571 /* Location.swift */,
				498FDA062A90869000A2F571 /* Locations.swift */,
				498FDA082A9089CC00A2F571 /* WorldView.swift */,
				498FDA0A2A9089F400A2F571 /* TipsView.swift */,
				498FDA0C2A908A0400A2F571 /* Tip.swift */,
			);
			path = Trekr;
			sourceTree = "<group>";
		};
		498FD9F62A90732900A2F571 /* Preview Content */ = {
			isa = PBXGroup;
			children = (
				498FD9F72A90732900A2F571 /* Preview Assets.xcassets */,
			);
			path = "Preview Content";
			sourceTree = "<group>";
		};
/* End PBXGroup section */

/* Begin PBXNativeTarget section */
		498FD9EC2A90732700A2F571 /* Trekr */ = {
			isa = PBXNativeTarget;
			buildConfigurationList = 498FD9FB2A90732900A2F571 /* Build configuration list for PBXNativeTarget "Trekr" */;
			buildPhases = (
				498FD9E92A90732700A2F571 /* Sources */,
				498FD9EA2A90732700A2F571 /* Frameworks */,
				498FD9EB2A90732700A2F571 /* Resources */,
			);
			buildRules = (
			);
			dependencies = (
			);
			name = Trekr;
			productName = Trekr;
			productReference = 498FD9ED2A90732700A2F571 /* Trekr.app */;
			productType = "com.apple.product-type.application";
		};
/* End PBXNativeTarget section */

/* Begin PBXProject section */
		498FD9E52A90732700A2F571 /* Project object */ = {
			isa = PBXProject;
			attributes = {
				BuildIndependentTargetsInParallel = 1;
				LastSwiftUpdateCheck = 1430;
				LastUpgradeCheck = 1430;
				TargetAttributes = {
					498FD9EC2A90732700A2F571 = {
						CreatedOnToolsVersion = 14.3.1;
					};
				};
			};
			buildConfigurationList = 498FD9E82A90732700A2F571 /* Build configuration list for PBXProject "Trekr" */;
			compatibilityVersion = "Xcode 14.0";
			developmentRegion = en;
			hasScannedForEncodings = 0;
			knownRegions = (
				en,
				Base,
			);
			mainGroup = 498FD9E42A90732700A2F571;
			productRefGroup = 498FD9EE2A90732700A2F571 /* Products */;
			projectDirPath = "";
			projectRoot = "";
			targets = (
				498FD9EC2A90732700A2F571 /* Trekr */,
			);
		};
/* End PBXProject section */

/* Begin PBXResourcesBuildPhase section */
		498FD9EB2A90732700A2F571 /* Resources */ = {
			isa = PBXResourcesBuildPhase;
			buildActionMask = 2147483647;
			files = (
				498FD9F82A90732900A2F571 /* Preview Assets.xcassets in Resources */,
				498FD9F52A90732900A2F571 /* Assets.xcassets in Resources */,
				498FDA012A9075C500A2F571 /* locations.json in Resources */,
				498FDA002A9075C500A2F571 /* tips.json in Resources */,
			);
			runOnlyForDeploymentPostprocessing = 0;
		};
/* End PBXResourcesBuildPhase section */

/* Begin PBXSourcesBuildPhase section */
		498FD9E92A90732700A2F571 /* Sources */ = {
			isa = PBXSourcesBuildPhase;
			buildActionMask = 2147483647;
			files = (
				498FDA0B2A9089F400A2F571 /* TipsView.swift in Sources */,
				498FD9F32A90732700A2F571 /* ContentView.swift in Sources */,
				498FDA052A9082F200A2F571 /* Location.swift in Sources */,
				498FDA0D2A908A0400A2F571 /* Tip.swift in Sources */,
				498FDA092A9089CC00A2F571 /* WorldView.swift in Sources */,
				498FDA072A90869000A2F571 /* Locations.swift in Sources */,
				498FD9F12A90732700A2F571 /* TrekrApp.swift in Sources */,
			);
			runOnlyForDeploymentPostprocessing = 0;
		};
/* End PBXSourcesBuildPhase section */

/* Begin XCBuildConfiguration section */
		498FD9F92A90732900A2F571 /* Debug */ = {
			isa = XCBuildConfiguration;
			buildSettings = {
				ALWAYS_SEARCH_USER_PATHS = NO;
				CLANG_ANALYZER_NONNULL = YES;
				CLANG_ANALYZER_NUMBER_OBJECT_CONVERSION = YES_AGGRESSIVE;
				CLANG_CXX_LANGUAGE_STANDARD = "gnu++20";
				CLANG_ENABLE_MODULES = YES;
				CLANG_ENABLE_OBJC_ARC = YES;
				CLANG_ENABLE_OBJC_WEAK = YES;
				CLANG_WARN_BLOCK_CAPTURE_AUTORELEASING = YES;
				CLANG_WARN_BOOL_CONVERSION = YES;
				CLANG_WARN_COMMA = YES;
				CLANG_WARN_CONSTANT_CONVERSION = YES;
				CLANG_WARN_DEPRECATED_OBJC_IMPLEMENTATIONS = YES;
				CLANG_WARN_DIRECT_OBJC_ISA_USAGE = YES_ERROR;
				CLANG_WARN_DOCUMENTATION_COMMENTS = YES;
				CLANG_WARN_EMPTY_BODY = YES;
				CLANG_WARN_ENUM_CONVERSION = YES;
				CLANG_WARN_INFINITE_RECURSION = YES;
				CLANG_WARN_INT_CONVERSION = YES;
				CLANG_WARN_NON_LITERAL_NULL_CONVERSION = YES;
				CLANG_WARN_OBJC_IMPLICIT_RETAIN_SELF = YES;
				CLANG_WARN_OBJC_LITERAL_CONVERSION = YES;
				CLANG_WARN_OBJC_ROOT_CLASS = YES_ERROR;
				CLANG_WARN_QUOTED_INCLUDE_IN_FRAMEWORK_HEADER = YES;
				CLANG_WARN_RANGE_LOOP_ANALYSIS = YES;
				CLANG_WARN_STRICT_PROTOTYPES = YES;
				CLANG_WARN_SUSPICIOUS_MOVE = YES;
				CLANG_WARN_UNGUARDED_AVAILABILITY = YES_AGGRESSIVE;
				CLANG_WARN_UNREACHABLE_CODE = YES;
				CLANG_WARN__DUPLICATE_METHOD_MATCH = YES;
				COPY_PHASE_STRIP = NO;
				DEBUG_INFORMATION_FORMAT = dwarf;
				ENABLE_STRICT_OBJC_MSGSEND = YES;
				ENABLE_TESTABILITY = YES;
				GCC_C_LANGUAGE_STANDARD = gnu11;
				GCC_DYNAMIC_NO_PIC = NO;
				GCC_NO_COMMON_BLOCKS = YES;
				GCC_OPTIMIZATION_LEVEL = 0;
				GCC_PREPROCESSOR_DEFINITIONS = (
					"DEBUG=1",
					"$(inherited)",
				);
				GCC_WARN_64_TO_32_BIT_CONVERSION = YES;
				GCC_WARN_ABOUT_RETURN_TYPE = YES_ERROR;
				GCC_WARN_UNDECLARED_SELECTOR = YES;
				GCC_WARN_UNINITIALIZED_AUTOS = YES_AGGRESSIVE;
				GCC_WARN_UNUSED_FUNCTION = YES;
				GCC_WARN_UNUSED_VARIABLE = YES;
				IPHONEOS_DEPLOYMENT_TARGET = 16.4;
				MTL_ENABLE_DEBUG_INFO = INCLUDE_SOURCE;
				MTL_FAST_MATH = YES;
				ONLY_ACTIVE_ARCH = YES;
				SDKROOT = iphoneos;
				SWIFT_ACTIVE_COMPILATION_CONDITIONS = DEBUG;
				SWIFT_OPTIMIZATION_LEVEL = "-Onone";
			};
			name = Debug;
		};
		498FD9FA2A90732900A2F571 /* Release */ = {
			isa = XCBuildConfiguration;
			buildSettings = {
				ALWAYS_SEARCH_USER_PATHS = NO;
				CLANG_ANALYZER_NONNULL = YES;
				CLANG_ANALYZER_NUMBER_OBJECT_CONVERSION = YES_AGGRESSIVE;
				CLANG_CXX_LANGUAGE_STANDARD = "gnu++20";
				CLANG_ENABLE_MODULES = YES;
				CLANG_ENABLE_OBJC_ARC = YES;
				CLANG_ENABLE_OBJC_WEAK = YES;
				CLANG_WARN_BLOCK_CAPTURE_AUTORELEASING = YES;
				CLANG_WARN_BOOL_CONVERSION = YES;
				CLANG_WARN_COMMA = YES;
				CLANG_WARN_CONSTANT_CONVERSION = YES;
				CLANG_WARN_DEPRECATED_OBJC_IMPLEMENTATIONS = YES;
				CLANG_WARN_DIRECT_OBJC_ISA_USAGE = YES_ERROR;
				CLANG_WARN_DOCUMENTATION_COMMENTS = YES;
				CLANG_WARN_EMPTY_BODY = YES;
				CLANG_WARN_ENUM_CONVERSION = YES;
				CLANG_WARN_INFINITE_RECURSION = YES;
				CLANG_WARN_INT_CONVERSION = YES;
				CLANG_WARN_NON_LITERAL_NULL_CONVERSION = YES;
				CLANG_WARN_OBJC_IMPLICIT_RETAIN_SELF = YES;
				CLANG_WARN_OBJC_LITERAL_CONVERSION = YES;
				CLANG_WARN_OBJC_ROOT_CLASS = YES_ERROR;
				CLANG_WARN_QUOTED_INCLUDE_IN_FRAMEWORK_HEADER = YES;
				CLANG_WARN_RANGE_LOOP_ANALYSIS = YES;
				CLANG_WARN_STRICT_PROTOTYPES = YES;
				CLANG_WARN_SUSPICIOUS_MOVE = YES;
				CLANG_WARN_UNGUARDED_AVAILABILITY = YES_AGGRESSIVE;
				CLANG_WARN_UNREACHABLE_CODE = YES;
				CLANG_WARN__DUPLICATE_METHOD_MATCH = YES;
				COPY_PHASE_STRIP = NO;
				DEBUG_INFORMATION_FORMAT = "dwarf-with-dsym";
				ENABLE_NS_ASSERTIONS = NO;
				ENABLE_STRICT_OBJC_MSGSEND = YES;
				GCC_C_LANGUAGE_STANDARD = gnu11;
				GCC_NO_COMMON_BLOCKS = YES;
				GCC_WARN_64_TO_32_BIT_CONVERSION = YES;
				GCC_WARN_ABOUT_RETURN_TYPE = YES_ERROR;
				GCC_WARN_UNDECLARED_SELECTOR = YES;
				GCC_WARN_UNINITIALIZED_AUTOS = YES_AGGRESSIVE;
				GCC_WARN_UNUSED_FUNCTION = YES;
				GCC_WARN_UNUSED_VARIABLE = YES;
				IPHONEOS_DEPLOYMENT_TARGET = 16.4;
				MTL_ENABLE_DEBUG_INFO = NO;
				MTL_FAST_MATH = YES;
				SDKROOT = iphoneos;
				SWIFT_COMPILATION_MODE = wholemodule;
				SWIFT_OPTIMIZATION_LEVEL = "-O";
				VALIDATE_PRODUCT = YES;
			};
			name = Release;
		};
		498FD9FC2A90732900A2F571 /* Debug */ = {
			isa = XCBuildConfiguration;
			buildSettings = {
				ASSETCATALOG_COMPILER_APPICON_NAME = AppIcon;
				ASSETCATALOG_COMPILER_GLOBAL_ACCENT_COLOR_NAME = AccentColor;
				CODE_SIGN_STYLE = Automatic;
				CURRENT_PROJECT_VERSION = 1;
				DEVELOPMENT_ASSET_PATHS = "\"Trekr/Preview Content\"";
				DEVELOPMENT_TEAM = FTZWW62W93;
				ENABLE_PREVIEWS = YES;
				GENERATE_INFOPLIST_FILE = YES;
				INFOPLIST_KEY_UIApplicationSceneManifest_Generation = YES;
				INFOPLIST_KEY_UIApplicationSupportsIndirectInputEvents = YES;
				INFOPLIST_KEY_UILaunchScreen_Generation = YES;
				INFOPLIST_KEY_UISupportedInterfaceOrientations_iPad = "UIInterfaceOrientationPortrait UIInterfaceOrientationPortraitUpsideDown UIInterfaceOrientationLandscapeLeft UIInterfaceOrientationLandscapeRight";
				INFOPLIST_KEY_UISupportedInterfaceOrientations_iPhone = "UIInterfaceOrientationPortrait UIInterfaceOrientationLandscapeLeft UIInterfaceOrientationLandscapeRight";
				LD_RUNPATH_SEARCH_PATHS = (
					"$(inherited)",
					"@executable_path/Frameworks",
				);
				MARKETING_VERSION = 1.0;
				PRODUCT_BUNDLE_IDENTIFIER = com.chrisloarryn.Trekr;
				PRODUCT_NAME = "$(TARGET_NAME)";
				SWIFT_EMIT_LOC_STRINGS = YES;
				SWIFT_VERSION = 5.0;
				TARGETED_DEVICE_FAMILY = "1,2";
			};
			name = Debug;
		};
		498FD9FD2A90732900A2F571 /* Release */ = {
			isa = XCBuildConfiguration;
			buildSettings = {
				ASSETCATALOG_COMPILER_APPICON_NAME = AppIcon;
				ASSETCATALOG_COMPILER_GLOBAL_ACCENT_COLOR_NAME = AccentColor;
				CODE_SIGN_STYLE = Automatic;
				CURRENT_PROJECT_VERSION = 1;
				DEVELOPMENT_ASSET_PATHS = "\"Trekr/Preview Content\"";
				DEVELOPMENT_TEAM = FTZWW62W93;
				ENABLE_PREVIEWS = YES;
				GENERATE_INFOPLIST_FILE = YES;
				INFOPLIST_KEY_UIApplicationSceneManifest_Generation = YES;
				INFOPLIST_KEY_UIApplicationSupportsIndirectInputEvents = YES;
				INFOPLIST_KEY_UILaunchScreen_Generation = YES;
				INFOPLIST_KEY_UISupportedInterfaceOrientations_iPad = "UIInterfaceOrientationPortrait UIInterfaceOrientationPortraitUpsideDown UIInterfaceOrientationLandscapeLeft UIInterfaceOrientationLandscapeRight";
				INFOPLIST_KEY_UISupportedInterfaceOrientations_iPhone = "UIInterfaceOrientationPortrait UIInterfaceOrientationLandscapeLeft UIInterfaceOrientationLandscapeRight";
				LD_RUNPATH_SEARCH_PATHS = (
					"$(inherited)",
					"@executable_path/Frameworks",
				);
				MARKETING_VERSION = 1.0;
				PRODUCT_BUNDLE_IDENTIFIER = com.chrisloarryn.Trekr;
				PRODUCT_NAME = "$(TARGET_NAME)";
				SWIFT_EMIT_LOC_STRINGS = YES;
				SWIFT_VERSION = 5.0;
				TARGETED_DEVICE_FAMILY = "1,2";
			};
			name = Release;
		};
/* End XCBuildConfiguration section */

/* Begin XCConfigurationList section */
		498FD9E82A90732700A2F571 /* Build configuration list for PBXProject "Trekr" */ = {
			isa = XCConfigurationList;
			buildConfigurations = (
				498FD9F92A90732900A2F571 /* Debug */,
				498FD9FA2A90732900A2F571 /* Release */,
			);
			defaultConfigurationIsVisible = 0;
			defaultConfigurationName = Release;
		};
		498FD9FB2A90732900A2F571 /* Build configuration list for PBXNativeTarget "Trekr" */ = {
			isa = XCConfigurationList;
			buildConfigurations = (
				498FD9FC2A90732900A2F571 /* Debug */,
				498FD9FD2A90732900A2F571 /* Release */,
			);
			defaultConfigurationIsVisible = 0;
			defaultConfigurationName = Release;
		};
/* End XCConfigurationList section */
	};
	rootObject = 498FD9E52A90732700A2F571 /* Project object */;
}
